
Microsoft Visual Studio Solution File, Format Version 12.00
# Visual Studio Version 17
VisualStudioVersion = 17.11.35312.102
MinimumVisualStudioVersion = 10.0.40219.1
Project("{FAE04EC0-301F-11D3-BF4B-00C04F79EFBC}") = "11.26.", "..\11.26\11.26\11.26..csproj", "{887E98E6-CCBA-430A-8FBD-B1D836112321}"
EndProject
Global
	GlobalSection(SolutionConfigurationPlatforms) = preSolution
		Debug|Any CPU = Debug|Any CPU
		Release|Any CPU = Release|Any CPU
	EndGlobalSection
	GlobalSection(ProjectConfigurationPlatforms) = postSolution
		{887E98E6-CCBA-430A-8FBD-B1D836112321}.Debug|Any CPU.ActiveCfg = Debug|Any CPU
		{887E98E6-CCBA-430A-8FBD-B1D836112321}.Debug|Any CPU.Build.0 = Debug|Any CPU
		{887E98E6-CCBA-430A-8FBD-B1D836112321}.Release|Any CPU.ActiveCfg = Release|Any CPU
		{887E98E6-CCBA-430A-8FBD-B1D836112321}.Release|Any CPU.Build.0 = Release|Any CPU
	EndGlobalSection
	GlobalSection(SolutionProperties) = preSolution
		HideSolutionNode = FALSE
	EndGlobalSection
	GlobalSection(ExtensibilityGlobals) = postSolution
		SolutionGuid = {62595AEA-8716-48B9-9773-EFF0FA7CA994}
	EndGlobalSection
EndGlobal
